
Microsoft Visual Studio Solution File, Format Version 12.00
# Visual Studio 14
VisualStudioVersion = 14.0.25420.1
MinimumVisualStudioVersion = 10.0.40219.1
Project("{FAE04EC0-301F-11D3-BF4B-00C04F79EFBC}") = "01_AutoResetEvent", "01_AutoResetEvent\01_AutoResetEvent.csproj", "{2B52E69E-AE9C-4698-90CB-8679B2520C6F}"
EndProject
Project("{FAE04EC0-301F-11D3-BF4B-00C04F79EFBC}") = "02_AutoResetEvent_Example", "02_AutoResetEvent_Example\02_AutoResetEvent_Example.csproj", "{EB000108-A157-4D8A-9C64-6A7E17A0F960}"
EndProject
Project("{FAE04EC0-301F-11D3-BF4B-00C04F79EFBC}") = "03_Timer_1", "03_Timer_1\03_Timer_1.csproj", "{FF088873-AC04-46F5-9D42-E37EDA21A4D6}"
EndProject
Global
	GlobalSection(SolutionConfigurationPlatforms) = preSolution
		Debug|Any CPU = Debug|Any CPU
		Release|Any CPU = Release|Any CPU
	EndGlobalSection
	GlobalSection(ProjectConfigurationPlatforms) = postSolution
		{2B52E69E-AE9C-4698-90CB-8679B2520C6F}.Debug|Any CPU.ActiveCfg = Debug|Any CPU
		{2B52E69E-AE9C-4698-90CB-8679B2520C6F}.Debug|Any CPU.Build.0 = Debug|Any CPU
		{2B52E69E-AE9C-4698-90CB-8679B2520C6F}.Release|Any CPU.ActiveCfg = Release|Any CPU
		{2B52E69E-AE9C-4698-90CB-8679B2520C6F}.Release|Any CPU.Build.0 = Release|Any CPU
		{EB000108-A157-4D8A-9C64-6A7E17A0F960}.Debug|Any CPU.ActiveCfg = Debug|Any CPU
		{EB000108-A157-4D8A-9C64-6A7E17A0F960}.Debug|Any CPU.Build.0 = Debug|Any CPU
		{EB000108-A157-4D8A-9C64-6A7E17A0F960}.Release|Any CPU.ActiveCfg = Release|Any CPU
		{EB000108-A157-4D8A-9C64-6A7E17A0F960}.Release|Any CPU.Build.0 = Release|Any CPU
		{FF088873-AC04-46F5-9D42-E37EDA21A4D6}.Debug|Any CPU.ActiveCfg = Debug|Any CPU
		{FF088873-AC04-46F5-9D42-E37EDA21A4D6}.Debug|Any CPU.Build.0 = Debug|Any CPU
		{FF088873-AC04-46F5-9D42-E37EDA21A4D6}.Release|Any CPU.ActiveCfg = Release|Any CPU
		{FF088873-AC04-46F5-9D42-E37EDA21A4D6}.Release|Any CPU.Build.0 = Release|Any CPU
	EndGlobalSection
	GlobalSection(SolutionProperties) = preSolution
		HideSolutionNode = FALSE
	EndGlobalSection
EndGlobal
